// !$*UTF8*$!
{
	archiveVersion = 1;
	classes = {
	};
	objectVersion = 56;
	objects = {

/* Begin PBXBuildFile section */
		BE3617B628DB5E6F0047BA4B /* AppDelegate.swift in Sources */ = {isa = PBXBuildFile; fileRef = BE3617B528DB5E6F0047BA4B /* AppDelegate.swift */; };
		BE3617B828DB5E6F0047BA4B /* SceneDelegate.swift in Sources */ = {isa = PBXBuildFile; fileRef = BE3617B728DB5E6F0047BA4B /* SceneDelegate.swift */; };
		BE3617BD28DB5E6F0047BA4B /* Main.storyboard in Resources */ = {isa = PBXBuildFile; fileRef = BE3617BB28DB5E6F0047BA4B /* Main.storyboard */; };
		BE3617C028DB5E6F0047BA4B /* Notas_Diarias.xcdatamodeld in Sources */ = {isa = PBXBuildFile; fileRef = BE3617BE28DB5E6F0047BA4B /* Notas_Diarias.xcdatamodeld */; };
		BE3617C228DB5E700047BA4B /* Assets.xcassets in Resources */ = {isa = PBXBuildFile; fileRef = BE3617C128DB5E700047BA4B /* Assets.xcassets */; };
		BE3617C528DB5E700047BA4B /* LaunchScreen.storyboard in Resources */ = {isa = PBXBuildFile; fileRef = BE3617C328DB5E700047BA4B /* LaunchScreen.storyboard */; };
		BE3617CD28DB63D90047BA4B /* ListarAnotacoes.swift in Sources */ = {isa = PBXBuildFile; fileRef = BE3617CC28DB63D90047BA4B /* ListarAnotacoes.swift */; };
		BE3617CF28DB64430047BA4B /* anotacao.swift in Sources */ = {isa = PBXBuildFile; fileRef = BE3617CE28DB64430047BA4B /* anotacao.swift */; };
/* End PBXBuildFile section */

/* Begin PBXFileReference section */
		BE3617B228DB5E6F0047BA4B /* Notas Diarias.app */ = {isa = PBXFileReference; explicitFileType = wrapper.application; includeInIndex = 0; path = "Notas Diarias.app"; sourceTree = BUILT_PRODUCTS_DIR; };
		BE3617B528DB5E6F0047BA4B /* AppDelegate.swift */ = {isa = PBXFileReference; lastKnownFileType = sourcecode.swift; path = AppDelegate.swift; sourceTree = "<group>"; };
		BE3617B728DB5E6F0047BA4B /* SceneDelegate.swift */ = {isa = PBXFileReference; lastKnownFileType = sourcecode.swift; path = SceneDelegate.swift; sourceTree = "<group>"; };
		BE3617BC28DB5E6F0047BA4B /* Base */ = {isa = PBXFileReference; lastKnownFileType = file.storyboard; name = Base; path = Base.lproj/Main.storyboard; sourceTree = "<group>"; };
		BE3617BF28DB5E6F0047BA4B /* Notas_Diarias.xcdatamodel */ = {isa = PBXFileReference; lastKnownFileType = wrapper.xcdatamodel; path = Notas_Diarias.xcdatamodel; sourceTree = "<group>"; };
		BE3617C128DB5E700047BA4B /* Assets.xcassets */ = {isa = PBXFileReference; lastKnownFileType = folder.assetcatalog; path = Assets.xcassets; sourceTree = "<group>"; };
		BE3617C428DB5E700047BA4B /* Base */ = {isa = PBXFileReference; lastKnownFileType = file.storyboard; name = Base; path = Base.lproj/LaunchScreen.storyboard; sourceTree = "<group>"; };
		BE3617C628DB5E700047BA4B /* Info.plist */ = {isa = PBXFileReference; lastKnownFileType = text.plist.xml; path = Info.plist; sourceTree = "<group>"; };
		BE3617CC28DB63D90047BA4B /* ListarAnotacoes.swift */ = {isa = PBXFileReference; lastKnownFileType = sourcecode.swift; path = ListarAnotacoes.swift; sourceTree = "<group>"; };
		BE3617CE28DB64430047BA4B /* anotacao.swift */ = {isa = PBXFileReference; lastKnownFileType = sourcecode.swift; path = anotacao.swift; sourceTree = "<group>"; };
/* End PBXFileReference section */

/* Begin PBXFrameworksBuildPhase section */
		BE3617AF28DB5E6F0047BA4B /* Frameworks */ = {
			isa = PBXFrameworksBuildPhase;
			buildActionMask = 2147483647;
			files = (
			);
			runOnlyForDeploymentPostprocessing = 0;
		};
/* End PBXFrameworksBuildPhase section */

/* Begin PBXGroup section */
		BE3617A928DB5E6F0047BA4B = {
			isa = PBXGroup;
			children = (
				BE3617B428DB5E6F0047BA4B /* Notas Diarias */,
				BE3617B328DB5E6F0047BA4B /* Products */,
			);
			sourceTree = "<group>";
		};
		BE3617B328DB5E6F0047BA4B /* Products */ = {
			isa = PBXGroup;
			children = (
				BE3617B228DB5E6F0047BA4B /* Notas Diarias.app */,
			);
			name = Products;
			sourceTree = "<group>";
		};
		BE3617B428DB5E6F0047BA4B /* Notas Diarias */ = {
			isa = PBXGroup;
			children = (
				BE3617B528DB5E6F0047BA4B /* AppDelegate.swift */,
				BE3617B728DB5E6F0047BA4B /* SceneDelegate.swift */,
				BE3617CE28DB64430047BA4B /* anotacao.swift */,
				BE3617CC28DB63D90047BA4B /* ListarAnotacoes.swift */,
				BE3617BB28DB5E6F0047BA4B /* Main.storyboard */,
				BE3617C128DB5E700047BA4B /* Assets.xcassets */,
				BE3617C328DB5E700047BA4B /* LaunchScreen.storyboard */,
				BE3617C628DB5E700047BA4B /* Info.plist */,
				BE3617BE28DB5E6F0047BA4B /* Notas_Diarias.xcdatamodeld */,
			);
			path = "Notas Diarias";
			sourceTree = "<group>";
		};
/* End PBXGroup section */

/* Begin PBXNativeTarget section */
		BE3617B128DB5E6F0047BA4B /* Notas Diarias */ = {
			isa = PBXNativeTarget;
			buildConfigurationList = BE3617C928DB5E700047BA4B /* Build configuration list for PBXNativeTarget "Notas Diarias" */;
			buildPhases = (
				BE3617AE28DB5E6F0047BA4B /* Sources */,
				BE3617AF28DB5E6F0047BA4B /* Frameworks */,
				BE3617B028DB5E6F0047BA4B /* Resources */,
			);
			buildRules = (
			);
			dependencies = (
			);
			name = "Notas Diarias";
			productName = "Notas Diarias";
			productReference = BE3617B228DB5E6F0047BA4B /* Notas Diarias.app */;
			productType = "com.apple.product-type.application";
		};
/* End PBXNativeTarget section */

/* Begin PBXProject section */
		BE3617AA28DB5E6F0047BA4B /* Project object */ = {
			isa = PBXProject;
			attributes = {
				BuildIndependentTargetsInParallel = 1;
				LastSwiftUpdateCheck = 1400;
				LastUpgradeCheck = 1400;
				TargetAttributes = {
					BE3617B128DB5E6F0047BA4B = {
						CreatedOnToolsVersion = 14.0;
					};
				};
			};
			buildConfigurationList = BE3617AD28DB5E6F0047BA4B /* Build configuration list for PBXProject "Notas Diarias" */;
			compatibilityVersion = "Xcode 14.0";
			developmentRegion = en;
			hasScannedForEncodings = 0;
			knownRegions = (
				en,
				Base,
			);
			mainGroup = BE3617A928DB5E6F0047BA4B;
			productRefGroup = BE3617B328DB5E6F0047BA4B /* Products */;
			projectDirPath = "";
			projectRoot = "";
			targets = (
				BE3617B128DB5E6F0047BA4B /* Notas Diarias */,
			);
		};
/* End PBXProject section */

/* Begin PBXResourcesBuildPhase section */
		BE3617B028DB5E6F0047BA4B /* Resources */ = {
			isa = PBXResourcesBuildPhase;
			buildActionMask = 2147483647;
			files = (
				BE3617C528DB5E700047BA4B /* LaunchScreen.storyboard in Resources */,
				BE3617C228DB5E700047BA4B /* Assets.xcassets in Resources */,
				BE3617BD28DB5E6F0047BA4B /* Main.storyboard in Resources */,
			);
			runOnlyForDeploymentPostprocessing = 0;
		};
/* End PBXResourcesBuildPhase section */

/* Begin PBXSourcesBuildPhase section */
		BE3617AE28DB5E6F0047BA4B /* Sources */ = {
			isa = PBXSourcesBuildPhase;
			buildActionMask = 2147483647;
			files = (
				BE3617CD28DB63D90047BA4B /* ListarAnotacoes.swift in Sources */,
				BE3617B628DB5E6F0047BA4B /* AppDelegate.swift in Sources */,
				BE3617B828DB5E6F0047BA4B /* SceneDelegate.swift in Sources */,
				BE3617CF28DB64430047BA4B /* anotacao.swift in Sources */,
				BE3617C028DB5E6F0047BA4B /* Notas_Diarias.xcdatamodeld in Sources */,
			);
			runOnlyForDeploymentPostprocessing = 0;
		};
/* End PBXSourcesBuildPhase section */

/* Begin PBXVariantGroup section */
		BE3617BB28DB5E6F0047BA4B /* Main.storyboard */ = {
			isa = PBXVariantGroup;
			children = (
				BE3617BC28DB5E6F0047BA4B /* Base */,
			);
			name = Main.storyboard;
			sourceTree = "<group>";
		};
		BE3617C328DB5E700047BA4B /* LaunchScreen.storyboard */ = {
			isa = PBXVariantGroup;
			children = (
				BE3617C428DB5E700047BA4B /* Base */,
			);
			name = LaunchScreen.storyboard;
			sourceTree = "<group>";
		};
/* End PBXVariantGroup section */

/* Begin XCBuildConfiguration section */
		BE3617C728DB5E700047BA4B /* Debug */ = {
			isa = XCBuildConfiguration;
			buildSettings = {
				ALWAYS_SEARCH_USER_PATHS = NO;
				CLANG_ANALYZER_NONNULL = YES;
				CLANG_ANALYZER_NUMBER_OBJECT_CONVERSION = YES_AGGRESSIVE;
				CLANG_CXX_LANGUAGE_STANDARD = "gnu++20";
				CLANG_ENABLE_MODULES = YES;
				CLANG_ENABLE_OBJC_ARC = YES;
				CLANG_ENABLE_OBJC_WEAK = YES;
				CLANG_WARN_BLOCK_CAPTURE_AUTORELEASING = YES;
				CLANG_WARN_BOOL_CONVERSION = YES;
				CLANG_WARN_COMMA = YES;
				CLANG_WARN_CONSTANT_CONVERSION = YES;
				CLANG_WARN_DEPRECATED_OBJC_IMPLEMENTATIONS = YES;
				CLANG_WARN_DIRECT_OBJC_ISA_USAGE = YES_ERROR;
				CLANG_WARN_DOCUMENTATION_COMMENTS = YES;
				CLANG_WARN_EMPTY_BODY = YES;
				CLANG_WARN_ENUM_CONVERSION = YES;
				CLANG_WARN_INFINITE_RECURSION = YES;
				CLANG_WARN_INT_CONVERSION = YES;
				CLANG_WARN_NON_LITERAL_NULL_CONVERSION = YES;
				CLANG_WARN_OBJC_IMPLICIT_RETAIN_SELF = YES;
				CLANG_WARN_OBJC_LITERAL_CONVERSION = YES;
				CLANG_WARN_OBJC_ROOT_CLASS = YES_ERROR;
				CLANG_WARN_QUOTED_INCLUDE_IN_FRAMEWORK_HEADER = YES;
				CLANG_WARN_RANGE_LOOP_ANALYSIS = YES;
				CLANG_WARN_STRICT_PROTOTYPES = YES;
				CLANG_WARN_SUSPICIOUS_MOVE = YES;
				CLANG_WARN_UNGUARDED_AVAILABILITY = YES_AGGRESSIVE;
				CLANG_WARN_UNREACHABLE_CODE = YES;
				CLANG_WARN__DUPLICATE_METHOD_MATCH = YES;
				COPY_PHASE_STRIP = NO;
				DEBUG_INFORMATION_FORMAT = dwarf;
				ENABLE_STRICT_OBJC_MSGSEND = YES;
				ENABLE_TESTABILITY = YES;
				GCC_C_LANGUAGE_STANDARD = gnu11;
				GCC_DYNAMIC_NO_PIC = NO;
				GCC_NO_COMMON_BLOCKS = YES;
				GCC_OPTIMIZATION_LEVEL = 0;
				GCC_PREPROCESSOR_DEFINITIONS = (
					"DEBUG=1",
					"$(inherited)",
				);
				GCC_WARN_64_TO_32_BIT_CONVERSION = YES;
				GCC_WARN_ABOUT_RETURN_TYPE = YES_ERROR;
				GCC_WARN_UNDECLARED_SELECTOR = YES;
				GCC_WARN_UNINITIALIZED_AUTOS = YES_AGGRESSIVE;
				GCC_WARN_UNUSED_FUNCTION = YES;
				GCC_WARN_UNUSED_VARIABLE = YES;
				IPHONEOS_DEPLOYMENT_TARGET = 16.0;
				MTL_ENABLE_DEBUG_INFO = INCLUDE_SOURCE;
				MTL_FAST_MATH = YES;
				ONLY_ACTIVE_ARCH = YES;
				SDKROOT = iphoneos;
				SWIFT_ACTIVE_COMPILATION_CONDITIONS = DEBUG;
				SWIFT_OPTIMIZATION_LEVEL = "-Onone";
			};
			name = Debug;
		};
		BE3617C828DB5E700047BA4B /* Release */ = {
			isa = XCBuildConfiguration;
			buildSettings = {
				ALWAYS_SEARCH_USER_PATHS = NO;
				CLANG_ANALYZER_NONNULL = YES;
				CLANG_ANALYZER_NUMBER_OBJECT_CONVERSION = YES_AGGRESSIVE;
				CLANG_CXX_LANGUAGE_STANDARD = "gnu++20";
				CLANG_ENABLE_MODULES = YES;
				CLANG_ENABLE_OBJC_ARC = YES;
				CLANG_ENABLE_OBJC_WEAK = YES;
				CLANG_WARN_BLOCK_CAPTURE_AUTORELEASING = YES;
				CLANG_WARN_BOOL_CONVERSION = YES;
				CLANG_WARN_COMMA = YES;
				CLANG_WARN_CONSTANT_CONVERSION = YES;
				CLANG_WARN_DEPRECATED_OBJC_IMPLEMENTATIONS = YES;
				CLANG_WARN_DIRECT_OBJC_ISA_USAGE = YES_ERROR;
				CLANG_WARN_DOCUMENTATION_COMMENTS = YES;
				CLANG_WARN_EMPTY_BODY = YES;
				CLANG_WARN_ENUM_CONVERSION = YES;
				CLANG_WARN_INFINITE_RECURSION = YES;
				CLANG_WARN_INT_CONVERSION = YES;
				CLANG_WARN_NON_LITERAL_NULL_CONVERSION = YES;
				CLANG_WARN_OBJC_IMPLICIT_RETAIN_SELF = YES;
				CLANG_WARN_OBJC_LITERAL_CONVERSION = YES;
				CLANG_WARN_OBJC_ROOT_CLASS = YES_ERROR;
				CLANG_WARN_QUOTED_INCLUDE_IN_FRAMEWORK_HEADER = YES;
				CLANG_WARN_RANGE_LOOP_ANALYSIS = YES;
				CLANG_WARN_STRICT_PROTOTYPES = YES;
				CLANG_WARN_SUSPICIOUS_MOVE = YES;
				CLANG_WARN_UNGUARDED_AVAILABILITY = YES_AGGRESSIVE;
				CLANG_WARN_UNREACHABLE_CODE = YES;
				CLANG_WARN__DUPLICATE_METHOD_MATCH = YES;
				COPY_PHASE_STRIP = NO;
				DEBUG_INFORMATION_FORMAT = "dwarf-with-dsym";
				ENABLE_NS_ASSERTIONS = NO;
				ENABLE_STRICT_OBJC_MSGSEND = YES;
				GCC_C_LANGUAGE_STANDARD = gnu11;
				GCC_NO_COMMON_BLOCKS = YES;
				GCC_WARN_64_TO_32_BIT_CONVERSION = YES;
				GCC_WARN_ABOUT_RETURN_TYPE = YES_ERROR;
				GCC_WARN_UNDECLARED_SELECTOR = YES;
				GCC_WARN_UNINITIALIZED_AUTOS = YES_AGGRESSIVE;
				GCC_WARN_UNUSED_FUNCTION = YES;
				GCC_WARN_UNUSED_VARIABLE = YES;
				IPHONEOS_DEPLOYMENT_TARGET = 16.0;
				MTL_ENABLE_DEBUG_INFO = NO;
				MTL_FAST_MATH = YES;
				SDKROOT = iphoneos;
				SWIFT_COMPILATION_MODE = wholemodule;
				SWIFT_OPTIMIZATION_LEVEL = "-O";
				VALIDATE_PRODUCT = YES;
			};
			name = Release;
		};
		BE3617CA28DB5E700047BA4B /* Debug */ = {
			isa = XCBuildConfiguration;
			buildSettings = {
				ASSETCATALOG_COMPILER_APPICON_NAME = AppIcon;
				ASSETCATALOG_COMPILER_GLOBAL_ACCENT_COLOR_NAME = AccentColor;
				CODE_SIGN_STYLE = Automatic;
				CURRENT_PROJECT_VERSION = 1;
				GENERATE_INFOPLIST_FILE = YES;
				INFOPLIST_FILE = "Notas Diarias/Info.plist";
				INFOPLIST_KEY_UIApplicationSupportsIndirectInputEvents = YES;
				INFOPLIST_KEY_UILaunchStoryboardName = LaunchScreen;
				INFOPLIST_KEY_UIMainStoryboardFile = Main;
				INFOPLIST_KEY_UISupportedInterfaceOrientations_iPad = "UIInterfaceOrientationPortrait UIInterfaceOrientationPortraitUpsideDown UIInterfaceOrientationLandscapeLeft UIInterfaceOrientationLandscapeRight";
				INFOPLIST_KEY_UISupportedInterfaceOrientations_iPhone = "UIInterfaceOrientationPortrait UIInterfaceOrientationLandscapeLeft UIInterfaceOrientationLandscapeRight";
				LD_RUNPATH_SEARCH_PATHS = (
					"$(inherited)",
					"@executable_path/Frameworks",
				);
				MARKETING_VERSION = 1.0;
				PRODUCT_BUNDLE_IDENTIFIER = "app.Notas-Diarias";
				PRODUCT_NAME = "$(TARGET_NAME)";
				SWIFT_EMIT_LOC_STRINGS = YES;
				SWIFT_VERSION = 5.0;
				TARGETED_DEVICE_FAMILY = "1,2";
			};
			name = Debug;
		};
		BE3617CB28DB5E700047BA4B /* Release */ = {
			isa = XCBuildConfiguration;
			buildSettings = {
				ASSETCATALOG_COMPILER_APPICON_NAME = AppIcon;
				ASSETCATALOG_COMPILER_GLOBAL_ACCENT_COLOR_NAME = AccentColor;
				CODE_SIGN_STYLE = Automatic;
				CURRENT_PROJECT_VERSION = 1;
				GENERATE_INFOPLIST_FILE = YES;
				INFOPLIST_FILE = "Notas Diarias/Info.plist";
				INFOPLIST_KEY_UIApplicationSupportsIndirectInputEvents = YES;
				INFOPLIST_KEY_UILaunchStoryboardName = LaunchScreen;
				INFOPLIST_KEY_UIMainStoryboardFile = Main;
				INFOPLIST_KEY_UISupportedInterfaceOrientations_iPad = "UIInterfaceOrientationPortrait UIInterfaceOrientationPortraitUpsideDown UIInterfaceOrientationLandscapeLeft UIInterfaceOrientationLandscapeRight";
				INFOPLIST_KEY_UISupportedInterfaceOrientations_iPhone = "UIInterfaceOrientationPortrait UIInterfaceOrientationLandscapeLeft UIInterfaceOrientationLandscapeRight";
				LD_RUNPATH_SEARCH_PATHS = (
					"$(inherited)",
					"@executable_path/Frameworks",
				);
				MARKETING_VERSION = 1.0;
				PRODUCT_BUNDLE_IDENTIFIER = "app.Notas-Diarias";
				PRODUCT_NAME = "$(TARGET_NAME)";
				SWIFT_EMIT_LOC_STRINGS = YES;
				SWIFT_VERSION = 5.0;
				TARGETED_DEVICE_FAMILY = "1,2";
			};
			name = Release;
		};
/* End XCBuildConfiguration section */

/* Begin XCConfigurationList section */
		BE3617AD28DB5E6F0047BA4B /* Build configuration list for PBXProject "Notas Diarias" */ = {
			isa = XCConfigurationList;
			buildConfigurations = (
				BE3617C728DB5E700047BA4B /* Debug */,
				BE3617C828DB5E700047BA4B /* Release */,
			);
			defaultConfigurationIsVisible = 0;
			defaultConfigurationName = Release;
		};
		BE3617C928DB5E700047BA4B /* Build configuration list for PBXNativeTarget "Notas Diarias" */ = {
			isa = XCConfigurationList;
			buildConfigurations = (
				BE3617CA28DB5E700047BA4B /* Debug */,
				BE3617CB28DB5E700047BA4B /* Release */,
			);
			defaultConfigurationIsVisible = 0;
			defaultConfigurationName = Release;
		};
/* End XCConfigurationList section */

/* Begin XCVersionGroup section */
		BE3617BE28DB5E6F0047BA4B /* Notas_Diarias.xcdatamodeld */ = {
			isa = XCVersionGroup;
			children = (
				BE3617BF28DB5E6F0047BA4B /* Notas_Diarias.xcdatamodel */,
			);
			currentVersion = BE3617BF28DB5E6F0047BA4B /* Notas_Diarias.xcdatamodel */;
			path = Notas_Diarias.xcdatamodeld;
			sourceTree = "<group>";
			versionGroupType = wrapper.xcdatamodel;
		};
/* End XCVersionGroup section */
	};
	rootObject = BE3617AA28DB5E6F0047BA4B /* Project object */;
}
